[[package]]
name = "cloudpickle"
version = "2.2.0"
description = "Extended pickling support for Python objects"
category = "main"
optional = false
python-versions = ">=3.6"

[[package]]
name = "colorama"
version = "0.4.6"
description = "Cross-platform colored terminal text."
category = "main"
optional = false
python-versions = "!=3.0.*,!=3.1.*,!=3.2.*,!=3.3.*,!=3.4.*,!=3.5.*,!=3.6.*,>=2.7"

[[package]]
name = "commonmark"
version = "0.9.1"
description = "Python parser for the CommonMark Markdown spec"
category = "main"
optional = false
python-versions = "*"

[package.extras]
test = ["flake8 (==3.7.8)", "hypothesis (==3.55.3)"]

[[package]]
name = "loguru"
version = "0.6.0"
description = "Python logging made (stupidly) simple"
category = "main"
optional = false
python-versions = ">=3.5"

[package.dependencies]
colorama = {version = ">=0.3.4", markers = "sys_platform == \"win32\""}
win32-setctime = {version = ">=1.0.0", markers = "sys_platform == \"win32\""}

[package.extras]
dev = ["Sphinx (>=4.1.1)", "black (>=19.10b0)", "colorama (>=0.3.4)", "docutils (==0.16)", "flake8 (>=3.7.7)", "isort (>=5.1.1)", "pytest (>=4.6.2)", "pytest-cov (>=2.7.1)", "sphinx-autobuild (>=0.7.1)", "sphinx-rtd-theme (>=0.4.3)", "tox (>=3.9.0)"]

[[package]]
name = "Pygments"
version = "2.13.0"
description = "Pygments is a syntax highlighting package written in Python."
category = "main"
optional = false
python-versions = ">=3.6"

[package.extras]
plugins = ["importlib-metadata"]

[[package]]
name = "pynvml"
version = "11.4.1"
description = "Python Bindings for the NVIDIA Management Library"
category = "main"
optional = false
python-versions = ">=3.6"

[[package]]
name = "rich"
version = "12.6.0"
description = "Render rich text, tables, progress bars, syntax highlighting, markdown and more to the terminal"
category = "main"
optional = false
python-versions = ">=3.6.3,<4.0.0"

[package.dependencies]
commonmark = ">=0.9.0,<0.10.0"
pygments = ">=2.6.0,<3.0.0"

[package.extras]
jupyter = ["ipywidgets (>=7.5.1,<8.0.0)"]

[[package]]
name = "scalene"
version = "1.5.13"
description = "Scalene: A high-resolution, low-overhead CPU, GPU, and memory profiler for Python"
category = "main"
optional = false
python-versions = ">=3.8"

[package.dependencies]
cloudpickle = ">=1.5.0"
pynvml = ">=11.0.0"
rich = ">=9.2.0"

[[package]]
name = "win32-setctime"
version = "1.1.0"
description = "A small Python utility to set file creation time on Windows"
category = "main"
optional = false
python-versions = ">=3.5"

[package.extras]
dev = ["black (>=19.3b0)", "pytest (>=4.6.2)"]

[metadata]
lock-version = "1.1"
python-versions = "^3.10"
content-hash = "765c9684a6b46bcbadded76d23562e8fdc6eca411b998f6943bba65b3ff7800e"

[metadata.files]
cloudpickle = [
    {file = "cloudpickle-2.2.0-py3-none-any.whl", hash = "sha256:7428798d5926d8fcbfd092d18d01a2a03daf8237d8fcdc8095d256b8490796f0"},
    {file = "cloudpickle-2.2.0.tar.gz", hash = "sha256:3f4219469c55453cfe4737e564b67c2a149109dabf7f242478948b895f61106f"},
]
colorama = [
    {file = "colorama-0.4.6-py2.py3-none-any.whl", hash = "sha256:4f1d9991f5acc0ca119f9d443620b77f9d6b33703e51011c16baf57afb285fc6"},
    {file = "colorama-0.4.6.tar.gz", hash = "sha256:08695f5cb7ed6e0531a20572697297273c47b8cae5a63ffc6d6ed5c201be6e44"},
]
commonmark = [
    {file = "commonmark-0.9.1-py2.py3-none-any.whl", hash = "sha256:da2f38c92590f83de410ba1a3cbceafbc74fee9def35f9251ba9a971d6d66fd9"},
    {file = "commonmark-0.9.1.tar.gz", hash = "sha256:452f9dc859be7f06631ddcb328b6919c67984aca654e5fefb3914d54691aed60"},
]
loguru = [
    {file = "loguru-0.6.0-py3-none-any.whl", hash = "sha256:4e2414d534a2ab57573365b3e6d0234dfb1d84b68b7f3b948e6fb743860a77c3"},
    {file = "loguru-0.6.0.tar.gz", hash = "sha256:066bd06758d0a513e9836fd9c6b5a75bfb3fd36841f4b996bc60b547a309d41c"},
]
Pygments = [
    {file = "Pygments-2.13.0-py3-none-any.whl", hash = "sha256:f643f331ab57ba3c9d89212ee4a2dabc6e94f117cf4eefde99a0574720d14c42"},
    {file = "Pygments-2.13.0.tar.gz", hash = "sha256:56a8508ae95f98e2b9bdf93a6be5ae3f7d8af858b43e02c5a2ff083726be40c1"},
]
pynvml = [
    {file = "pynvml-11.4.1-py3-none-any.whl", hash = "sha256:d27be542cd9d06558de18e2deffc8022ccd7355bc7382255d477038e7e424c6c"},
    {file = "pynvml-11.4.1.tar.gz", hash = "sha256:b2e4a33b80569d093b513f5804db0c7f40cfc86f15a013ae7a8e99c5e175d5dd"},
]
rich = [
    {file = "rich-12.6.0-py3-none-any.whl", hash = "sha256:a4eb26484f2c82589bd9a17c73d32a010b1e29d89f1604cd9bf3a2097b81bb5e"},
    {file = "rich-12.6.0.tar.gz", hash = "sha256:ba3a3775974105c221d31141f2c116f4fd65c5ceb0698657a11e9f295ec93fd0"},
]
scalene = [
    {file = "scalene-1.5.13-cp310-cp310-macosx_10_15_universal2.whl", hash = "sha256:e69f7ee1749423f4dcfc8414219d10676f26691a28a90b7fbebd31141e20ed3a"},
    {file = "scalene-1.5.13-cp310-cp310-manylinux_2_24_x86_64.whl", hash = "sha256:2118b41159d7306d410bb1ed73c80bffe4b718bcc4bf4a723e2cf0badb31bf6a"},
    {file = "scalene-1.5.13-cp310-cp310-win_amd64.whl", hash = "sha256:321a94aff17523702157f9632d115fed62215ed64c607c528b97bab063f63b2f"},
    {file = "scalene-1.5.13-cp37-cp37m-macosx_10_15_universal2.whl", hash = "sha256:25938a6c7e8fa14898e69354515fb41e072aa06d83be4060e2dbd0192d87c2af"},
    {file = "scalene-1.5.13-cp37-cp37m-manylinux_2_24_x86_64.whl", hash = "sha256:e3dad1b5ce6d1329c9e2b595d55d50540ae8f1e8670e47509db593d1cb1b1809"},
    {file = "scalene-1.5.13-cp38-cp38-macosx_10_15_universal2.whl", hash = "sha256:8959143c587807f2a341876efb40b770b95e3df94d5470ea0f2c5615a7ff186d"},
    {file = "scalene-1.5.13-cp38-cp38-manylinux_2_24_x86_64.whl", hash = "sha256:37a340c73d93b08c502ad3e553f434fd91bb4913955979b9386935ded137782b"},
    {file = "scalene-1.5.13-cp38-cp38-win_amd64.whl", hash = "sha256:8c51819f858f852106ad3b5da17d08575344dd45fa35a4311342dc6bcfb202ca"},
    {file = "scalene-1.5.13-cp39-cp39-macosx_10_15_universal2.whl", hash = "sha256:b99252336e6351c24b5410145f4729b3f9012d9833160f1ac5221ee19f6d2eff"},
    {file = "scalene-1.5.13-cp39-cp39-manylinux_2_24_x86_64.whl", hash = "sha256:fd4ec03141df635b6cc5cca9f801015e2fe6c71530727024febe28d4c749f502"},
    {file = "scalene-1.5.13-cp39-cp39-win_amd64.whl", hash = "sha256:0ff439b5fdd696303c4d1e7293d5689c9e579da4aa48940149db3f979578fdba"},
    {file = "scalene-1.5.13.tar.gz", hash = "sha256:0077d517249cfa6ad0953d85c9656bdaca57b863159bbb78969987d9bdbb539c"},
]
win32-setctime = [
    {file = "win32_setctime-1.1.0-py3-none-any.whl", hash = "sha256:231db239e959c2fe7eb1d7dc129f11172354f98361c4fa2d6d2d7e278baa8aad"},
    {file = "win32_setctime-1.1.0.tar.gz", hash = "sha256:15cf5750465118d6929ae4de4eb46e8edae9a5634350c01ba582df868e932cb2"},
]
